// !$*UTF8*$!
{
	archiveVersion = 1;
	classes = {
	};
	objectVersion = 46;
	objects = {

/* Begin PBXBuildFile section */
		D740198C181C261200F75A81 /* MenuViewController.m in Sources */ = {isa = PBXBuildFile; fileRef = D740198B181C261200F75A81 /* MenuViewController.m */; };
		D740198F181C26F700F75A81 /* RootViewController.m in Sources */ = {isa = PBXBuildFile; fileRef = D740198E181C26F700F75A81 /* RootViewController.m */; };
		D74019A4181C300B00F75A81 /* RECommonFunctions.m in Sources */ = {isa = PBXBuildFile; fileRef = D740199F181C300B00F75A81 /* RECommonFunctions.m */; };
		D74019A5181C300B00F75A81 /* RESideMenu.m in Sources */ = {isa = PBXBuildFile; fileRef = D74019A1181C300B00F75A81 /* RESideMenu.m */; };
		D74019A6181C300B00F75A81 /* UIViewController+RESideMenu.m in Sources */ = {isa = PBXBuildFile; fileRef = D74019A3181C300B00F75A81 /* UIViewController+RESideMenu.m */; };
		D74019A9181C34BA00F75A81 /* EventsViewController.m in Sources */ = {isa = PBXBuildFile; fileRef = D74019A8181C34BA00F75A81 /* EventsViewController.m */; };
		D74019AC181C382000F75A81 /* NewsViewController.m in Sources */ = {isa = PBXBuildFile; fileRef = D74019AB181C382000F75A81 /* NewsViewController.m */; };
		D74019AF181C815000F75A81 /* EventInfoViewController.m in Sources */ = {isa = PBXBuildFile; fileRef = D74019AE181C815000F75A81 /* EventInfoViewController.m */; };
		D753EDFF183FAAD8001508C8 /* NewsInfoViewController.m in Sources */ = {isa = PBXBuildFile; fileRef = D753EDFE183FAAD8001508C8 /* NewsInfoViewController.m */; };
		D76222C1182CF333009D5087 /* InfoTabBarViewController.m in Sources */ = {isa = PBXBuildFile; fileRef = D76222C0182CF333009D5087 /* InfoTabBarViewController.m */; };
		D7646B51181854D900640692 /* Foundation.framework in Frameworks */ = {isa = PBXBuildFile; fileRef = D7646B50181854D900640692 /* Foundation.framework */; };
		D7646B53181854D900640692 /* CoreGraphics.framework in Frameworks */ = {isa = PBXBuildFile; fileRef = D7646B52181854D900640692 /* CoreGraphics.framework */; };
		D7646B55181854D900640692 /* UIKit.framework in Frameworks */ = {isa = PBXBuildFile; fileRef = D7646B54181854D900640692 /* UIKit.framework */; };
		D7646B5B181854D900640692 /* InfoPlist.strings in Resources */ = {isa = PBXBuildFile; fileRef = D7646B59181854D900640692 /* InfoPlist.strings */; };
		D7646B5D181854D900640692 /* main.m in Sources */ = {isa = PBXBuildFile; fileRef = D7646B5C181854D900640692 /* main.m */; };
		D7646B61181854D900640692 /* AppDelegate.m in Sources */ = {isa = PBXBuildFile; fileRef = D7646B60181854D900640692 /* AppDelegate.m */; };
		D7646B64181854D900640692 /* Main_iPhone.storyboard in Resources */ = {isa = PBXBuildFile; fileRef = D7646B62181854D900640692 /* Main_iPhone.storyboard */; };
		D7646B6F181854D900640692 /* Images.xcassets in Resources */ = {isa = PBXBuildFile; fileRef = D7646B6E181854D900640692 /* Images.xcassets */; };
		D7646B76181854D900640692 /* XCTest.framework in Frameworks */ = {isa = PBXBuildFile; fileRef = D7646B75181854D900640692 /* XCTest.framework */; };
		D7646B77181854D900640692 /* Foundation.framework in Frameworks */ = {isa = PBXBuildFile; fileRef = D7646B50181854D900640692 /* Foundation.framework */; };
		D7646B78181854D900640692 /* UIKit.framework in Frameworks */ = {isa = PBXBuildFile; fileRef = D7646B54181854D900640692 /* UIKit.framework */; };
		D7646B80181854D900640692 /* InfoPlist.strings in Resources */ = {isa = PBXBuildFile; fileRef = D7646B7E181854D900640692 /* InfoPlist.strings */; };
		D7646B82181854D900640692 /* H_sektionenTests.m in Sources */ = {isa = PBXBuildFile; fileRef = D7646B81181854D900640692 /* H_sektionenTests.m */; };
		D772AE7E18291C760077B080 /* MessageUI.framework in Frameworks */ = {isa = PBXBuildFile; fileRef = D772AE7D18291C760077B080 /* MessageUI.framework */; };
		D772AE81182942080077B080 /* InfoMembersViewController.m in Sources */ = {isa = PBXBuildFile; fileRef = D772AE80182942080077B080 /* InfoMembersViewController.m */; };
		D772AE84182946070077B080 /* InfoLinksViewController.m in Sources */ = {isa = PBXBuildFile; fileRef = D772AE83182946070077B080 /* InfoLinksViewController.m */; };
		D78AF5EC193FCD41009B8F1C /* iPad_main.storyboard in Resources */ = {isa = PBXBuildFile; fileRef = D78AF5EB193FCD41009B8F1C /* iPad_main.storyboard */; };
		D7B58362183654A800D0BFFB /* AudioToolbox.framework in Frameworks */ = {isa = PBXBuildFile; fileRef = D7B58361183654A800D0BFFB /* AudioToolbox.framework */; };
		D7B58364183654AF00D0BFFB /* CFNetwork.framework in Frameworks */ = {isa = PBXBuildFile; fileRef = D7B58363183654AF00D0BFFB /* CFNetwork.framework */; };
		D7B58366183654BE00D0BFFB /* CoreLocation.framework in Frameworks */ = {isa = PBXBuildFile; fileRef = D7B58365183654BE00D0BFFB /* CoreLocation.framework */; };
		D7B58368183654C700D0BFFB /* libz.1.1.3.dylib in Frameworks */ = {isa = PBXBuildFile; fileRef = D7B58367183654C700D0BFFB /* libz.1.1.3.dylib */; };
		D7B5836A183654CE00D0BFFB /* MobileCoreServices.framework in Frameworks */ = {isa = PBXBuildFile; fileRef = D7B58369183654CE00D0BFFB /* MobileCoreServices.framework */; };
		D7B5836C183654D500D0BFFB /* QuartzCore.framework in Frameworks */ = {isa = PBXBuildFile; fileRef = D7B5836B183654D500D0BFFB /* QuartzCore.framework */; };
		D7B5836E183654DB00D0BFFB /* Security.framework in Frameworks */ = {isa = PBXBuildFile; fileRef = D7B5836D183654DB00D0BFFB /* Security.framework */; };
		D7B58372183654E900D0BFFB /* SystemConfiguration.framework in Frameworks */ = {isa = PBXBuildFile; fileRef = D7B58371183654E900D0BFFB /* SystemConfiguration.framework */; };
		D7B5837718365FF400D0BFFB /* Parse.framework in Frameworks */ = {isa = PBXBuildFile; fileRef = D7B5837618365FF400D0BFFB /* Parse.framework */; };
		D7BEFFA318217B24007DFF09 /* PubViewController.m in Sources */ = {isa = PBXBuildFile; fileRef = D7BEFFA218217B24007DFF09 /* PubViewController.m */; };
		D7BEFFA818227AE1007DFF09 /* LunchViewController.m in Sources */ = {isa = PBXBuildFile; fileRef = D7BEFFA718227AE1007DFF09 /* LunchViewController.m */; };
		D7BEFFAB1823C1DF007DFF09 /* InfoViewController.m in Sources */ = {isa = PBXBuildFile; fileRef = D7BEFFAA1823C1DF007DFF09 /* InfoViewController.m */; };
		D7BEFFAE1823C7E1007DFF09 /* AboutViewController.m in Sources */ = {isa = PBXBuildFile; fileRef = D7BEFFAD1823C7E1007DFF09 /* AboutViewController.m */; };
		D7BEFFB11823CA24007DFF09 /* SuggestViewController.m in Sources */ = {isa = PBXBuildFile; fileRef = D7BEFFB01823CA24007DFF09 /* SuggestViewController.m */; };
		D7BEFFB41823CA37007DFF09 /* FaultReportViewController.m in Sources */ = {isa = PBXBuildFile; fileRef = D7BEFFB31823CA37007DFF09 /* FaultReportViewController.m */; };
		D7FADAC21847943E001A7D66 /* GasqueViewController.m in Sources */ = {isa = PBXBuildFile; fileRef = D7FADABD1847943E001A7D66 /* GasqueViewController.m */; };
		D7FADAC31847943E001A7D66 /* AllGasqueViewController.m in Sources */ = {isa = PBXBuildFile; fileRef = D7FADABF1847943E001A7D66 /* AllGasqueViewController.m */; };
		D7FADAC41847943E001A7D66 /* WebViewController.m in Sources */ = {isa = PBXBuildFile; fileRef = D7FADAC11847943E001A7D66 /* WebViewController.m */; };
/* End PBXBuildFile section */

/* Begin PBXContainerItemProxy section */
		D7646B79181854D900640692 /* PBXContainerItemProxy */ = {
			isa = PBXContainerItemProxy;
			containerPortal = D7646B45181854D900640692 /* Project object */;
			proxyType = 1;
			remoteGlobalIDString = D7646B4C181854D900640692;
			remoteInfo = "H-sektionen";
		};
/* End PBXContainerItemProxy section */

/* Begin PBXFileReference section */
		D740198A181C261200F75A81 /* MenuViewController.h */ = {isa = PBXFileReference; fileEncoding = 4; lastKnownFileType = sourcecode.c.h; path = MenuViewController.h; sourceTree = "<group>"; };
		D740198B181C261200F75A81 /* MenuViewController.m */ = {isa = PBXFileReference; fileEncoding = 4; lastKnownFileType = sourcecode.c.objc; path = MenuViewController.m; sourceTree = "<group>"; };
		D740198D181C26F700F75A81 /* RootViewController.h */ = {isa = PBXFileReference; fileEncoding = 4; lastKnownFileType = sourcecode.c.h; path = RootViewController.h; sourceTree = "<group>"; };
		D740198E181C26F700F75A81 /* RootViewController.m */ = {isa = PBXFileReference; fileEncoding = 4; lastKnownFileType = sourcecode.c.objc; path = RootViewController.m; sourceTree = "<group>"; };
		D740199E181C300B00F75A81 /* RECommonFunctions.h */ = {isa = PBXFileReference; fileEncoding = 4; lastKnownFileType = sourcecode.c.h; path = RECommonFunctions.h; sourceTree = "<group>"; };
		D740199F181C300B00F75A81 /* RECommonFunctions.m */ = {isa = PBXFileReference; fileEncoding = 4; lastKnownFileType = sourcecode.c.objc; path = RECommonFunctions.m; sourceTree = "<group>"; };
		D74019A0181C300B00F75A81 /* RESideMenu.h */ = {isa = PBXFileReference; fileEncoding = 4; lastKnownFileType = sourcecode.c.h; path = RESideMenu.h; sourceTree = "<group>"; };
		D74019A1181C300B00F75A81 /* RESideMenu.m */ = {isa = PBXFileReference; fileEncoding = 4; lastKnownFileType = sourcecode.c.objc; path = RESideMenu.m; sourceTree = "<group>"; };
		D74019A2181C300B00F75A81 /* UIViewController+RESideMenu.h */ = {isa = PBXFileReference; fileEncoding = 4; lastKnownFileType = sourcecode.c.h; path = "UIViewController+RESideMenu.h"; sourceTree = "<group>"; };
		D74019A3181C300B00F75A81 /* UIViewController+RESideMenu.m */ = {isa = PBXFileReference; fileEncoding = 4; lastKnownFileType = sourcecode.c.objc; path = "UIViewController+RESideMenu.m"; sourceTree = "<group>"; };
		D74019A7181C34BA00F75A81 /* EventsViewController.h */ = {isa = PBXFileReference; fileEncoding = 4; lastKnownFileType = sourcecode.c.h; path = EventsViewController.h; sourceTree = "<group>"; };
		D74019A8181C34BA00F75A81 /* EventsViewController.m */ = {isa = PBXFileReference; fileEncoding = 4; lastKnownFileType = sourcecode.c.objc; path = EventsViewController.m; sourceTree = "<group>"; };
		D74019AA181C382000F75A81 /* NewsViewController.h */ = {isa = PBXFileReference; fileEncoding = 4; lastKnownFileType = sourcecode.c.h; path = NewsViewController.h; sourceTree = "<group>"; };
		D74019AB181C382000F75A81 /* NewsViewController.m */ = {isa = PBXFileReference; fileEncoding = 4; lastKnownFileType = sourcecode.c.objc; path = NewsViewController.m; sourceTree = "<group>"; };
		D74019AD181C815000F75A81 /* EventInfoViewController.h */ = {isa = PBXFileReference; fileEncoding = 4; lastKnownFileType = sourcecode.c.h; path = EventInfoViewController.h; sourceTree = "<group>"; };
		D74019AE181C815000F75A81 /* EventInfoViewController.m */ = {isa = PBXFileReference; fileEncoding = 4; lastKnownFileType = sourcecode.c.objc; path = EventInfoViewController.m; sourceTree = "<group>"; };
		D753EDFD183FAAD8001508C8 /* NewsInfoViewController.h */ = {isa = PBXFileReference; fileEncoding = 4; lastKnownFileType = sourcecode.c.h; path = NewsInfoViewController.h; sourceTree = "<group>"; };
		D753EDFE183FAAD8001508C8 /* NewsInfoViewController.m */ = {isa = PBXFileReference; fileEncoding = 4; lastKnownFileType = sourcecode.c.objc; path = NewsInfoViewController.m; sourceTree = "<group>"; };
		D76222BF182CF333009D5087 /* InfoTabBarViewController.h */ = {isa = PBXFileReference; fileEncoding = 4; lastKnownFileType = sourcecode.c.h; path = InfoTabBarViewController.h; sourceTree = "<group>"; };
		D76222C0182CF333009D5087 /* InfoTabBarViewController.m */ = {isa = PBXFileReference; fileEncoding = 4; lastKnownFileType = sourcecode.c.objc; path = InfoTabBarViewController.m; sourceTree = "<group>"; };
		D7646B4D181854D900640692 /* H-sektionen.app */ = {isa = PBXFileReference; explicitFileType = wrapper.application; includeInIndex = 0; path = "H-sektionen.app"; sourceTree = BUILT_PRODUCTS_DIR; };
		D7646B50181854D900640692 /* Foundation.framework */ = {isa = PBXFileReference; lastKnownFileType = wrapper.framework; name = Foundation.framework; path = System/Library/Frameworks/Foundation.framework; sourceTree = SDKROOT; };
		D7646B52181854D900640692 /* CoreGraphics.framework */ = {isa = PBXFileReference; lastKnownFileType = wrapper.framework; name = CoreGraphics.framework; path = System/Library/Frameworks/CoreGraphics.framework; sourceTree = SDKROOT; };
		D7646B54181854D900640692 /* UIKit.framework */ = {isa = PBXFileReference; lastKnownFileType = wrapper.framework; name = UIKit.framework; path = System/Library/Frameworks/UIKit.framework; sourceTree = SDKROOT; };
		D7646B58181854D900640692 /* H-sektionen-Info.plist */ = {isa = PBXFileReference; lastKnownFileType = text.plist.xml; path = "H-sektionen-Info.plist"; sourceTree = "<group>"; };
		D7646B5A181854D900640692 /* en */ = {isa = PBXFileReference; lastKnownFileType = text.plist.strings; name = en; path = en.lproj/InfoPlist.strings; sourceTree = "<group>"; };
		D7646B5C181854D900640692 /* main.m */ = {isa = PBXFileReference; lastKnownFileType = sourcecode.c.objc; path = main.m; sourceTree = "<group>"; };
		D7646B5E181854D900640692 /* H-sektionen-Prefix.pch */ = {isa = PBXFileReference; lastKnownFileType = sourcecode.c.h; path = "H-sektionen-Prefix.pch"; sourceTree = "<group>"; };
		D7646B5F181854D900640692 /* AppDelegate.h */ = {isa = PBXFileReference; lastKnownFileType = sourcecode.c.h; path = AppDelegate.h; sourceTree = "<group>"; };
		D7646B60181854D900640692 /* AppDelegate.m */ = {isa = PBXFileReference; lastKnownFileType = sourcecode.c.objc; path = AppDelegate.m; sourceTree = "<group>"; };
		D7646B63181854D900640692 /* Base */ = {isa = PBXFileReference; lastKnownFileType = file.storyboard; name = Base; path = Base.lproj/Main_iPhone.storyboard; sourceTree = "<group>"; };
		D7646B6E181854D900640692 /* Images.xcassets */ = {isa = PBXFileReference; lastKnownFileType = folder.assetcatalog; path = Images.xcassets; sourceTree = "<group>"; };
		D7646B74181854D900640692 /* H-sektionenTests.xctest */ = {isa = PBXFileReference; explicitFileType = wrapper.cfbundle; includeInIndex = 0; path = "H-sektionenTests.xctest"; sourceTree = BUILT_PRODUCTS_DIR; };
		D7646B75181854D900640692 /* XCTest.framework */ = {isa = PBXFileReference; lastKnownFileType = wrapper.framework; name = XCTest.framework; path = Library/Frameworks/XCTest.framework; sourceTree = DEVELOPER_DIR; };
		D7646B7D181854D900640692 /* H-sektionenTests-Info.plist */ = {isa = PBXFileReference; lastKnownFileType = text.plist.xml; path = "H-sektionenTests-Info.plist"; sourceTree = "<group>"; };
		D7646B7F181854D900640692 /* en */ = {isa = PBXFileReference; lastKnownFileType = text.plist.strings; name = en; path = en.lproj/InfoPlist.strings; sourceTree = "<group>"; };
		D7646B81181854D900640692 /* H_sektionenTests.m */ = {isa = PBXFileReference; lastKnownFileType = sourcecode.c.objc; path = H_sektionenTests.m; sourceTree = "<group>"; };
		D772AE7D18291C760077B080 /* MessageUI.framework */ = {isa = PBXFileReference; lastKnownFileType = wrapper.framework; name = MessageUI.framework; path = System/Library/Frameworks/MessageUI.framework; sourceTree = SDKROOT; };
		D772AE7F182942080077B080 /* InfoMembersViewController.h */ = {isa = PBXFileReference; fileEncoding = 4; lastKnownFileType = sourcecode.c.h; path = InfoMembersViewController.h; sourceTree = "<group>"; };
		D772AE80182942080077B080 /* InfoMembersViewController.m */ = {isa = PBXFileReference; fileEncoding = 4; lastKnownFileType = sourcecode.c.objc; path = InfoMembersViewController.m; sourceTree = "<group>"; };
		D772AE82182946070077B080 /* InfoLinksViewController.h */ = {isa = PBXFileReference; fileEncoding = 4; lastKnownFileType = sourcecode.c.h; path = InfoLinksViewController.h; sourceTree = "<group>"; };
		D772AE83182946070077B080 /* InfoLinksViewController.m */ = {isa = PBXFileReference; fileEncoding = 4; lastKnownFileType = sourcecode.c.objc; path = InfoLinksViewController.m; sourceTree = "<group>"; };
		D78AF5EB193FCD41009B8F1C /* iPad_main.storyboard */ = {isa = PBXFileReference; fileEncoding = 4; lastKnownFileType = file.storyboard; path = iPad_main.storyboard; sourceTree = "<group>"; };
		D7B58361183654A800D0BFFB /* AudioToolbox.framework */ = {isa = PBXFileReference; lastKnownFileType = wrapper.framework; name = AudioToolbox.framework; path = System/Library/Frameworks/AudioToolbox.framework; sourceTree = SDKROOT; };
		D7B58363183654AF00D0BFFB /* CFNetwork.framework */ = {isa = PBXFileReference; lastKnownFileType = wrapper.framework; name = CFNetwork.framework; path = System/Library/Frameworks/CFNetwork.framework; sourceTree = SDKROOT; };
		D7B58365183654BE00D0BFFB /* CoreLocation.framework */ = {isa = PBXFileReference; lastKnownFileType = wrapper.framework; name = CoreLocation.framework; path = System/Library/Frameworks/CoreLocation.framework; sourceTree = SDKROOT; };
		D7B58367183654C700D0BFFB /* libz.1.1.3.dylib */ = {isa = PBXFileReference; lastKnownFileType = "compiled.mach-o.dylib"; name = libz.1.1.3.dylib; path = usr/lib/libz.1.1.3.dylib; sourceTree = SDKROOT; };
		D7B58369183654CE00D0BFFB /* MobileCoreServices.framework */ = {isa = PBXFileReference; lastKnownFileType = wrapper.framework; name = MobileCoreServices.framework; path = System/Library/Frameworks/MobileCoreServices.framework; sourceTree = SDKROOT; };
		D7B5836B183654D500D0BFFB /* QuartzCore.framework */ = {isa = PBXFileReference; lastKnownFileType = wrapper.framework; name = QuartzCore.framework; path = System/Library/Frameworks/QuartzCore.framework; sourceTree = SDKROOT; };
		D7B5836D183654DB00D0BFFB /* Security.framework */ = {isa = PBXFileReference; lastKnownFileType = wrapper.framework; name = Security.framework; path = System/Library/Frameworks/Security.framework; sourceTree = SDKROOT; };
		D7B58371183654E900D0BFFB /* SystemConfiguration.framework */ = {isa = PBXFileReference; lastKnownFileType = wrapper.framework; name = SystemConfiguration.framework; path = System/Library/Frameworks/SystemConfiguration.framework; sourceTree = SDKROOT; };
		D7B5837618365FF400D0BFFB /* Parse.framework */ = {isa = PBXFileReference; lastKnownFileType = wrapper.framework; path = Parse.framework; sourceTree = "<group>"; };
		D7BEFFA118217B24007DFF09 /* PubViewController.h */ = {isa = PBXFileReference; fileEncoding = 4; lastKnownFileType = sourcecode.c.h; path = PubViewController.h; sourceTree = "<group>"; };
		D7BEFFA218217B24007DFF09 /* PubViewController.m */ = {isa = PBXFileReference; fileEncoding = 4; lastKnownFileType = sourcecode.c.objc; path = PubViewController.m; sourceTree = "<group>"; };
		D7BEFFA618227AE1007DFF09 /* LunchViewController.h */ = {isa = PBXFileReference; fileEncoding = 4; lastKnownFileType = sourcecode.c.h; path = LunchViewController.h; sourceTree = "<group>"; };
		D7BEFFA718227AE1007DFF09 /* LunchViewController.m */ = {isa = PBXFileReference; fileEncoding = 4; lastKnownFileType = sourcecode.c.objc; path = LunchViewController.m; sourceTree = "<group>"; };
		D7BEFFA91823C1DF007DFF09 /* InfoViewController.h */ = {isa = PBXFileReference; fileEncoding = 4; lastKnownFileType = sourcecode.c.h; path = InfoViewController.h; sourceTree = "<group>"; };
		D7BEFFAA1823C1DF007DFF09 /* InfoViewController.m */ = {isa = PBXFileReference; fileEncoding = 4; lastKnownFileType = sourcecode.c.objc; path = InfoViewController.m; sourceTree = "<group>"; };
		D7BEFFAC1823C7E1007DFF09 /* AboutViewController.h */ = {isa = PBXFileReference; fileEncoding = 4; lastKnownFileType = sourcecode.c.h; path = AboutViewController.h; sourceTree = "<group>"; };
		D7BEFFAD1823C7E1007DFF09 /* AboutViewController.m */ = {isa = PBXFileReference; fileEncoding = 4; lastKnownFileType = sourcecode.c.objc; path = AboutViewController.m; sourceTree = "<group>"; };
		D7BEFFAF1823CA24007DFF09 /* SuggestViewController.h */ = {isa = PBXFileReference; fileEncoding = 4; lastKnownFileType = sourcecode.c.h; path = SuggestViewController.h; sourceTree = "<group>"; };
		D7BEFFB01823CA24007DFF09 /* SuggestViewController.m */ = {isa = PBXFileReference; fileEncoding = 4; lastKnownFileType = sourcecode.c.objc; path = SuggestViewController.m; sourceTree = "<group>"; };
		D7BEFFB21823CA37007DFF09 /* FaultReportViewController.h */ = {isa = PBXFileReference; fileEncoding = 4; lastKnownFileType = sourcecode.c.h; path = FaultReportViewController.h; sourceTree = "<group>"; };
		D7BEFFB31823CA37007DFF09 /* FaultReportViewController.m */ = {isa = PBXFileReference; fileEncoding = 4; lastKnownFileType = sourcecode.c.objc; path = FaultReportViewController.m; sourceTree = "<group>"; };
		D7FADABC1847943E001A7D66 /* GasqueViewController.h */ = {isa = PBXFileReference; fileEncoding = 4; lastKnownFileType = sourcecode.c.h; path = GasqueViewController.h; sourceTree = "<group>"; };
		D7FADABD1847943E001A7D66 /* GasqueViewController.m */ = {isa = PBXFileReference; fileEncoding = 4; lastKnownFileType = sourcecode.c.objc; path = GasqueViewController.m; sourceTree = "<group>"; };
		D7FADABE1847943E001A7D66 /* AllGasqueViewController.h */ = {isa = PBXFileReference; fileEncoding = 4; lastKnownFileType = sourcecode.c.h; path = AllGasqueViewController.h; sourceTree = "<group>"; };
		D7FADABF1847943E001A7D66 /* AllGasqueViewController.m */ = {isa = PBXFileReference; fileEncoding = 4; lastKnownFileType = sourcecode.c.objc; path = AllGasqueViewController.m; sourceTree = "<group>"; };
		D7FADAC01847943E001A7D66 /* WebViewController.h */ = {isa = PBXFileReference; fileEncoding = 4; lastKnownFileType = sourcecode.c.h; path = WebViewController.h; sourceTree = "<group>"; };
		D7FADAC11847943E001A7D66 /* WebViewController.m */ = {isa = PBXFileReference; fileEncoding = 4; lastKnownFileType = sourcecode.c.objc; path = WebViewController.m; sourceTree = "<group>"; };
/* End PBXFileReference section */

/* Begin PBXFrameworksBuildPhase section */
		D7646B4A181854D900640692 /* Frameworks */ = {
			isa = PBXFrameworksBuildPhase;
			buildActionMask = 2147483647;
			files = (
				D7B58372183654E900D0BFFB /* SystemConfiguration.framework in Frameworks */,
				D7B5836E183654DB00D0BFFB /* Security.framework in Frameworks */,
				D7B5836C183654D500D0BFFB /* QuartzCore.framework in Frameworks */,
				D7B5836A183654CE00D0BFFB /* MobileCoreServices.framework in Frameworks */,
				D7B58368183654C700D0BFFB /* libz.1.1.3.dylib in Frameworks */,
				D7B58366183654BE00D0BFFB /* CoreLocation.framework in Frameworks */,
				D7646B53181854D900640692 /* CoreGraphics.framework in Frameworks */,
				D7B58364183654AF00D0BFFB /* CFNetwork.framework in Frameworks */,
				D7B58362183654A800D0BFFB /* AudioToolbox.framework in Frameworks */,
				D7B5837718365FF400D0BFFB /* Parse.framework in Frameworks */,
				D772AE7E18291C760077B080 /* MessageUI.framework in Frameworks */,
				D7646B55181854D900640692 /* UIKit.framework in Frameworks */,
				D7646B51181854D900640692 /* Foundation.framework in Frameworks */,
			);
			runOnlyForDeploymentPostprocessing = 0;
		};
		D7646B71181854D900640692 /* Frameworks */ = {
			isa = PBXFrameworksBuildPhase;
			buildActionMask = 2147483647;
			files = (
				D7646B76181854D900640692 /* XCTest.framework in Frameworks */,
				D7646B78181854D900640692 /* UIKit.framework in Frameworks */,
				D7646B77181854D900640692 /* Foundation.framework in Frameworks */,
			);
			runOnlyForDeploymentPostprocessing = 0;
		};
/* End PBXFrameworksBuildPhase section */

/* Begin PBXGroup section */
		D7401989181C259F00F75A81 /* Controllers */ = {
			isa = PBXGroup;
			children = (
				D740198D181C26F700F75A81 /* RootViewController.h */,
				D740198E181C26F700F75A81 /* RootViewController.m */,
				D740198A181C261200F75A81 /* MenuViewController.h */,
				D740198B181C261200F75A81 /* MenuViewController.m */,
				D74019AA181C382000F75A81 /* NewsViewController.h */,
				D74019AB181C382000F75A81 /* NewsViewController.m */,
				D753EDFD183FAAD8001508C8 /* NewsInfoViewController.h */,
				D753EDFE183FAAD8001508C8 /* NewsInfoViewController.m */,
				D74019A7181C34BA00F75A81 /* EventsViewController.h */,
				D74019A8181C34BA00F75A81 /* EventsViewController.m */,
				D74019AD181C815000F75A81 /* EventInfoViewController.h */,
				D74019AE181C815000F75A81 /* EventInfoViewController.m */,
				D7BEFFA118217B24007DFF09 /* PubViewController.h */,
				D7BEFFA218217B24007DFF09 /* PubViewController.m */,
				D7BEFFA618227AE1007DFF09 /* LunchViewController.h */,
				D7BEFFA718227AE1007DFF09 /* LunchViewController.m */,
				D76222BF182CF333009D5087 /* InfoTabBarViewController.h */,
				D76222C0182CF333009D5087 /* InfoTabBarViewController.m */,
				D7BEFFA91823C1DF007DFF09 /* InfoViewController.h */,
				D7BEFFAA1823C1DF007DFF09 /* InfoViewController.m */,
				D772AE7F182942080077B080 /* InfoMembersViewController.h */,
				D772AE80182942080077B080 /* InfoMembersViewController.m */,
				D772AE82182946070077B080 /* InfoLinksViewController.h */,
				D772AE83182946070077B080 /* InfoLinksViewController.m */,
				D7BEFFAF1823CA24007DFF09 /* SuggestViewController.h */,
				D7BEFFB01823CA24007DFF09 /* SuggestViewController.m */,
				D7BEFFB21823CA37007DFF09 /* FaultReportViewController.h */,
				D7BEFFB31823CA37007DFF09 /* FaultReportViewController.m */,
				D7BEFFAC1823C7E1007DFF09 /* AboutViewController.h */,
				D7BEFFAD1823C7E1007DFF09 /* AboutViewController.m */,
				D7FADABC1847943E001A7D66 /* GasqueViewController.h */,
				D7FADABD1847943E001A7D66 /* GasqueViewController.m */,
				D7FADABE1847943E001A7D66 /* AllGasqueViewController.h */,
				D7FADABF1847943E001A7D66 /* AllGasqueViewController.m */,
				D7FADAC01847943E001A7D66 /* WebViewController.h */,
				D7FADAC11847943E001A7D66 /* WebViewController.m */,
			);
			name = Controllers;
			sourceTree = "<group>";
		};
		D7401994181C2FEB00F75A81 /* RESideMenu */ = {
			isa = PBXGroup;
			children = (
				D740199E181C300B00F75A81 /* RECommonFunctions.h */,
				D740199F181C300B00F75A81 /* RECommonFunctions.m */,
				D74019A0181C300B00F75A81 /* RESideMenu.h */,
				D74019A1181C300B00F75A81 /* RESideMenu.m */,
				D74019A2181C300B00F75A81 /* UIViewController+RESideMenu.h */,
				D74019A3181C300B00F75A81 /* UIViewController+RESideMenu.m */,
			);
			name = RESideMenu;
			sourceTree = "<group>";
		};
		D7646B44181854D900640692 = {
			isa = PBXGroup;
			children = (
				D7401994181C2FEB00F75A81 /* RESideMenu */,
				D7646B56181854D900640692 /* H-sektionen */,
				D7646B7B181854D900640692 /* H-sektionenTests */,
				D7646B4F181854D900640692 /* Frameworks */,
				D7646B4E181854D900640692 /* Products */,
			);
			sourceTree = "<group>";
		};
		D7646B4E181854D900640692 /* Products */ = {
			isa = PBXGroup;
			children = (
				D7646B4D181854D900640692 /* H-sektionen.app */,
				D7646B74181854D900640692 /* H-sektionenTests.xctest */,
			);
			name = Products;
			sourceTree = "<group>";
		};
		D7646B4F181854D900640692 /* Frameworks */ = {
			isa = PBXGroup;
			children = (
				D7B5837618365FF400D0BFFB /* Parse.framework */,
				D7B58371183654E900D0BFFB /* SystemConfiguration.framework */,
				D7B5836D183654DB00D0BFFB /* Security.framework */,
				D7B5836B183654D500D0BFFB /* QuartzCore.framework */,
				D7B58369183654CE00D0BFFB /* MobileCoreServices.framework */,
				D7B58367183654C700D0BFFB /* libz.1.1.3.dylib */,
				D7B58365183654BE00D0BFFB /* CoreLocation.framework */,
				D7B58363183654AF00D0BFFB /* CFNetwork.framework */,
				D7B58361183654A800D0BFFB /* AudioToolbox.framework */,
				D772AE7D18291C760077B080 /* MessageUI.framework */,
				D7646B50181854D900640692 /* Foundation.framework */,
				D7646B52181854D900640692 /* CoreGraphics.framework */,
				D7646B54181854D900640692 /* UIKit.framework */,
				D7646B75181854D900640692 /* XCTest.framework */,
			);
			name = Frameworks;
			sourceTree = "<group>";
		};
		D7646B56181854D900640692 /* H-sektionen */ = {
			isa = PBXGroup;
			children = (
				D78AF5EA193FCCAD009B8F1C /* iPad */,
				D7401989181C259F00F75A81 /* Controllers */,
				D7646B5F181854D900640692 /* AppDelegate.h */,
				D7646B60181854D900640692 /* AppDelegate.m */,
				D7646B62181854D900640692 /* Main_iPhone.storyboard */,
				D7646B6E181854D900640692 /* Images.xcassets */,
				D7646B57181854D900640692 /* Supporting Files */,
			);
			path = "H-sektionen";
			sourceTree = "<group>";
		};
		D7646B57181854D900640692 /* Supporting Files */ = {
			isa = PBXGroup;
			children = (
				D7646B58181854D900640692 /* H-sektionen-Info.plist */,
				D7646B59181854D900640692 /* InfoPlist.strings */,
				D7646B5C181854D900640692 /* main.m */,
				D7646B5E181854D900640692 /* H-sektionen-Prefix.pch */,
			);
			name = "Supporting Files";
			sourceTree = "<group>";
		};
		D7646B7B181854D900640692 /* H-sektionenTests */ = {
			isa = PBXGroup;
			children = (
				D7646B81181854D900640692 /* H_sektionenTests.m */,
				D7646B7C181854D900640692 /* Supporting Files */,
			);
			path = "H-sektionenTests";
			sourceTree = "<group>";
		};
		D7646B7C181854D900640692 /* Supporting Files */ = {
			isa = PBXGroup;
			children = (
				D7646B7D181854D900640692 /* H-sektionenTests-Info.plist */,
				D7646B7E181854D900640692 /* InfoPlist.strings */,
			);
			name = "Supporting Files";
			sourceTree = "<group>";
		};
		D78AF5EA193FCCAD009B8F1C /* iPad */ = {
			isa = PBXGroup;
			children = (
				D78AF5EB193FCD41009B8F1C /* iPad_main.storyboard */,
			);
			name = iPad;
			sourceTree = "<group>";
		};
/* End PBXGroup section */

/* Begin PBXNativeTarget section */
		D7646B4C181854D900640692 /* H-sektionen */ = {
			isa = PBXNativeTarget;
			buildConfigurationList = D7646B85181854D900640692 /* Build configuration list for PBXNativeTarget "H-sektionen" */;
			buildPhases = (
				D7646B49181854D900640692 /* Sources */,
				D7646B4A181854D900640692 /* Frameworks */,
				D7646B4B181854D900640692 /* Resources */,
			);
			buildRules = (
			);
			dependencies = (
			);
			name = "H-sektionen";
			productName = "H-sektionen";
			productReference = D7646B4D181854D900640692 /* H-sektionen.app */;
			productType = "com.apple.product-type.application";
		};
		D7646B73181854D900640692 /* H-sektionenTests */ = {
			isa = PBXNativeTarget;
			buildConfigurationList = D7646B88181854D900640692 /* Build configuration list for PBXNativeTarget "H-sektionenTests" */;
			buildPhases = (
				D7646B70181854D900640692 /* Sources */,
				D7646B71181854D900640692 /* Frameworks */,
				D7646B72181854D900640692 /* Resources */,
			);
			buildRules = (
			);
			dependencies = (
				D7646B7A181854D900640692 /* PBXTargetDependency */,
			);
			name = "H-sektionenTests";
			productName = "H-sektionenTests";
			productReference = D7646B74181854D900640692 /* H-sektionenTests.xctest */;
			productType = "com.apple.product-type.bundle.unit-test";
		};
/* End PBXNativeTarget section */

/* Begin PBXProject section */
		D7646B45181854D900640692 /* Project object */ = {
			isa = PBXProject;
			attributes = {
				LastUpgradeCheck = 0510;
				ORGANIZATIONNAME = "Jonas Berglund";
				TargetAttributes = {
					D7646B4C181854D900640692 = {
						DevelopmentTeam = ZZ64DKD8Y3;
						SystemCapabilities = {
							com.apple.InAppPurchase = {
								enabled = 0;
							};
						};
					};
					D7646B73181854D900640692 = {
						TestTargetID = D7646B4C181854D900640692;
					};
				};
			};
			buildConfigurationList = D7646B48181854D900640692 /* Build configuration list for PBXProject "H-sektionen" */;
			compatibilityVersion = "Xcode 3.2";
			developmentRegion = English;
			hasScannedForEncodings = 0;
			knownRegions = (
				en,
				Base,
			);
			mainGroup = D7646B44181854D900640692;
			productRefGroup = D7646B4E181854D900640692 /* Products */;
			projectDirPath = "";
			projectRoot = "";
			targets = (
				D7646B4C181854D900640692 /* H-sektionen */,
				D7646B73181854D900640692 /* H-sektionenTests */,
			);
		};
/* End PBXProject section */

/* Begin PBXResourcesBuildPhase section */
		D7646B4B181854D900640692 /* Resources */ = {
			isa = PBXResourcesBuildPhase;
			buildActionMask = 2147483647;
			files = (
				D7646B6F181854D900640692 /* Images.xcassets in Resources */,
				D78AF5EC193FCD41009B8F1C /* iPad_main.storyboard in Resources */,
				D7646B64181854D900640692 /* Main_iPhone.storyboard in Resources */,
				D7646B5B181854D900640692 /* InfoPlist.strings in Resources */,
			);
			runOnlyForDeploymentPostprocessing = 0;
		};
		D7646B72181854D900640692 /* Resources */ = {
			isa = PBXResourcesBuildPhase;
			buildActionMask = 2147483647;
			files = (
				D7646B80181854D900640692 /* InfoPlist.strings in Resources */,
			);
			runOnlyForDeploymentPostprocessing = 0;
		};
/* End PBXResourcesBuildPhase section */

/* Begin PBXSourcesBuildPhase section */
		D7646B49181854D900640692 /* Sources */ = {
			isa = PBXSourcesBuildPhase;
			buildActionMask = 2147483647;
			files = (
				D74019A5181C300B00F75A81 /* RESideMenu.m in Sources */,
				D74019AF181C815000F75A81 /* EventInfoViewController.m in Sources */,
				D7646B61181854D900640692 /* AppDelegate.m in Sources */,
				D753EDFF183FAAD8001508C8 /* NewsInfoViewController.m in Sources */,
				D7FADAC31847943E001A7D66 /* AllGasqueViewController.m in Sources */,
				D772AE81182942080077B080 /* InfoMembersViewController.m in Sources */,
				D7BEFFA318217B24007DFF09 /* PubViewController.m in Sources */,
				D740198F181C26F700F75A81 /* RootViewController.m in Sources */,
				D7646B5D181854D900640692 /* main.m in Sources */,
				D740198C181C261200F75A81 /* MenuViewController.m in Sources */,
				D7BEFFAB1823C1DF007DFF09 /* InfoViewController.m in Sources */,
				D74019A4181C300B00F75A81 /* RECommonFunctions.m in Sources */,
				D7BEFFB11823CA24007DFF09 /* SuggestViewController.m in Sources */,
				D74019AC181C382000F75A81 /* NewsViewController.m in Sources */,
				D772AE84182946070077B080 /* InfoLinksViewController.m in Sources */,
				D7BEFFAE1823C7E1007DFF09 /* AboutViewController.m in Sources */,
				D7FADAC21847943E001A7D66 /* GasqueViewController.m in Sources */,
				D7BEFFA818227AE1007DFF09 /* LunchViewController.m in Sources */,
				D76222C1182CF333009D5087 /* InfoTabBarViewController.m in Sources */,
				D7FADAC41847943E001A7D66 /* WebViewController.m in Sources */,
				D7BEFFB41823CA37007DFF09 /* FaultReportViewController.m in Sources */,
				D74019A9181C34BA00F75A81 /* EventsViewController.m in Sources */,
				D74019A6181C300B00F75A81 /* UIViewController+RESideMenu.m in Sources */,
			);
			runOnlyForDeploymentPostprocessing = 0;
		};
		D7646B70181854D900640692 /* Sources */ = {
			isa = PBXSourcesBuildPhase;
			buildActionMask = 2147483647;
			files = (
				D7646B82181854D900640692 /* H_sektionenTests.m in Sources */,
			);
			runOnlyForDeploymentPostprocessing = 0;
		};
/* End PBXSourcesBuildPhase section */

/* Begin PBXTargetDependency section */
		D7646B7A181854D900640692 /* PBXTargetDependency */ = {
			isa = PBXTargetDependency;
			target = D7646B4C181854D900640692 /* H-sektionen */;
			targetProxy = D7646B79181854D900640692 /* PBXContainerItemProxy */;
		};
/* End PBXTargetDependency section */

/* Begin PBXVariantGroup section */
		D7646B59181854D900640692 /* InfoPlist.strings */ = {
			isa = PBXVariantGroup;
			children = (
				D7646B5A181854D900640692 /* en */,
			);
			name = InfoPlist.strings;
			sourceTree = "<group>";
		};
		D7646B62181854D900640692 /* Main_iPhone.storyboard */ = {
			isa = PBXVariantGroup;
			children = (
				D7646B63181854D900640692 /* Base */,
			);
			name = Main_iPhone.storyboard;
			sourceTree = "<group>";
		};
		D7646B7E181854D900640692 /* InfoPlist.strings */ = {
			isa = PBXVariantGroup;
			children = (
				D7646B7F181854D900640692 /* en */,
			);
			name = InfoPlist.strings;
			sourceTree = "<group>";
		};
/* End PBXVariantGroup section */

/* Begin XCBuildConfiguration section */
		D7646B83181854D900640692 /* Debug */ = {
			isa = XCBuildConfiguration;
			buildSettings = {
				ALWAYS_SEARCH_USER_PATHS = NO;
				CLANG_CXX_LANGUAGE_STANDARD = "gnu++0x";
				CLANG_CXX_LIBRARY = "libc++";
				CLANG_ENABLE_MODULES = YES;
				CLANG_ENABLE_OBJC_ARC = YES;
				CLANG_WARN_BOOL_CONVERSION = YES;
				CLANG_WARN_CONSTANT_CONVERSION = YES;
				CLANG_WARN_DIRECT_OBJC_ISA_USAGE = YES_ERROR;
				CLANG_WARN_EMPTY_BODY = YES;
				CLANG_WARN_ENUM_CONVERSION = YES;
				CLANG_WARN_INT_CONVERSION = YES;
				CLANG_WARN_OBJC_ROOT_CLASS = YES_ERROR;
				CLANG_WARN__DUPLICATE_METHOD_MATCH = YES;
				"CODE_SIGN_IDENTITY[sdk=iphoneos*]" = "iPhone Developer";
				COPY_PHASE_STRIP = NO;
				GCC_C_LANGUAGE_STANDARD = gnu99;
				GCC_DYNAMIC_NO_PIC = NO;
				GCC_OPTIMIZATION_LEVEL = 0;
				GCC_PREPROCESSOR_DEFINITIONS = (
					"DEBUG=1",
					"$(inherited)",
				);
				GCC_SYMBOLS_PRIVATE_EXTERN = NO;
				GCC_WARN_64_TO_32_BIT_CONVERSION = YES;
				GCC_WARN_ABOUT_RETURN_TYPE = YES_ERROR;
				GCC_WARN_UNDECLARED_SELECTOR = YES;
				GCC_WARN_UNINITIALIZED_AUTOS = YES;
				GCC_WARN_UNUSED_FUNCTION = YES;
				GCC_WARN_UNUSED_VARIABLE = YES;
				IPHONEOS_DEPLOYMENT_TARGET = 7.1;
				ONLY_ACTIVE_ARCH = YES;
				SDKROOT = iphoneos;
				TARGETED_DEVICE_FAMILY = "1,2";
			};
			name = Debug;
		};
		D7646B84181854D900640692 /* Release */ = {
			isa = XCBuildConfiguration;
			buildSettings = {
				ALWAYS_SEARCH_USER_PATHS = NO;
				CLANG_CXX_LANGUAGE_STANDARD = "gnu++0x";
				CLANG_CXX_LIBRARY = "libc++";
				CLANG_ENABLE_MODULES = YES;
				CLANG_ENABLE_OBJC_ARC = YES;
				CLANG_WARN_BOOL_CONVERSION = YES;
				CLANG_WARN_CONSTANT_CONVERSION = YES;
				CLANG_WARN_DIRECT_OBJC_ISA_USAGE = YES_ERROR;
				CLANG_WARN_EMPTY_BODY = YES;
				CLANG_WARN_ENUM_CONVERSION = YES;
				CLANG_WARN_INT_CONVERSION = YES;
				CLANG_WARN_OBJC_ROOT_CLASS = YES_ERROR;
				CLANG_WARN__DUPLICATE_METHOD_MATCH = YES;
				"CODE_SIGN_IDENTITY[sdk=iphoneos*]" = "iPhone Developer";
				COPY_PHASE_STRIP = YES;
				ENABLE_NS_ASSERTIONS = NO;
				GCC_C_LANGUAGE_STANDARD = gnu99;
				GCC_WARN_64_TO_32_BIT_CONVERSION = YES;
				GCC_WARN_ABOUT_RETURN_TYPE = YES_ERROR;
				GCC_WARN_UNDECLARED_SELECTOR = YES;
				GCC_WARN_UNINITIALIZED_AUTOS = YES;
				GCC_WARN_UNUSED_FUNCTION = YES;
				GCC_WARN_UNUSED_VARIABLE = YES;
				IPHONEOS_DEPLOYMENT_TARGET = 7.1;
				SDKROOT = iphoneos;
				TARGETED_DEVICE_FAMILY = "1,2";
				VALIDATE_PRODUCT = YES;
			};
			name = Release;
		};
		D7646B86181854D900640692 /* Debug */ = {
			isa = XCBuildConfiguration;
			buildSettings = {
				ASSETCATALOG_COMPILER_APPICON_NAME = AppIcon;
				ASSETCATALOG_COMPILER_LAUNCHIMAGE_NAME = LaunchImage;
				CODE_SIGN_IDENTITY = "iPhone Developer";
				"CODE_SIGN_IDENTITY[sdk=iphoneos*]" = "iPhone Developer";
				FRAMEWORK_SEARCH_PATHS = (
					"$(inherited)",
					"/Users/jonasberglund/Documents/git/htek/H-sektionen",
				);
				GCC_PRECOMPILE_PREFIX_HEADER = YES;
				GCC_PREFIX_HEADER = "H-sektionen/H-sektionen-Prefix.pch";
				INFOPLIST_FILE = "H-sektionen/H-sektionen-Info.plist";
				IPHONEOS_DEPLOYMENT_TARGET = 7.1;
				PRODUCT_NAME = "$(TARGET_NAME)";
				PROVISIONING_PROFILE = "";
				TARGETED_DEVICE_FAMILY = "1,2";
				WRAPPER_EXTENSION = app;
			};
			name = Debug;
		};
		D7646B87181854D900640692 /* Release */ = {
			isa = XCBuildConfiguration;
			buildSettings = {
				ASSETCATALOG_COMPILER_APPICON_NAME = AppIcon;
				ASSETCATALOG_COMPILER_LAUNCHIMAGE_NAME = LaunchImage;
				CODE_SIGN_IDENTITY = "iPhone Developer";
				"CODE_SIGN_IDENTITY[sdk=iphoneos*]" = "iPhone Developer";
				FRAMEWORK_SEARCH_PATHS = (
					"$(inherited)",
					"/Users/jonasberglund/Documents/git/htek/H-sektionen",
				);
				GCC_PRECOMPILE_PREFIX_HEADER = YES;
				GCC_PREFIX_HEADER = "H-sektionen/H-sektionen-Prefix.pch";
				INFOPLIST_FILE = "H-sektionen/H-sektionen-Info.plist";
				IPHONEOS_DEPLOYMENT_TARGET = 7.1;
				PRODUCT_NAME = "$(TARGET_NAME)";
				PROVISIONING_PROFILE = "";
				TARGETED_DEVICE_FAMILY = "1,2";
				WRAPPER_EXTENSION = app;
			};
			name = Release;
		};
		D7646B89181854D900640692 /* Debug */ = {
			isa = XCBuildConfiguration;
			buildSettings = {
				BUNDLE_LOADER = "$(BUILT_PRODUCTS_DIR)/H-sektionen.app/H-sektionen";
				FRAMEWORK_SEARCH_PATHS = (
					"$(SDKROOT)/Developer/Library/Frameworks",
					"$(inherited)",
					"$(DEVELOPER_FRAMEWORKS_DIR)",
				);
				GCC_PRECOMPILE_PREFIX_HEADER = YES;
				GCC_PREFIX_HEADER = "H-sektionen/H-sektionen-Prefix.pch";
				GCC_PREPROCESSOR_DEFINITIONS = (
					"DEBUG=1",
					"$(inherited)",
				);
				INFOPLIST_FILE = "H-sektionenTests/H-sektionenTests-Info.plist";
				PRODUCT_NAME = "$(TARGET_NAME)";
				TEST_HOST = "$(BUNDLE_LOADER)";
				WRAPPER_EXTENSION = xctest;
			};
			name = Debug;
		};
		D7646B8A181854D900640692 /* Release */ = {
			isa = XCBuildConfiguration;
			buildSettings = {
				BUNDLE_LOADER = "$(BUILT_PRODUCTS_DIR)/H-sektionen.app/H-sektionen";
				FRAMEWORK_SEARCH_PATHS = (
					"$(SDKROOT)/Developer/Library/Frameworks",
					"$(inherited)",
					"$(DEVELOPER_FRAMEWORKS_DIR)",
				);
				GCC_PRECOMPILE_PREFIX_HEADER = YES;
				GCC_PREFIX_HEADER = "H-sektionen/H-sektionen-Prefix.pch";
				INFOPLIST_FILE = "H-sektionenTests/H-sektionenTests-Info.plist";
				PRODUCT_NAME = "$(TARGET_NAME)";
				TEST_HOST = "$(BUNDLE_LOADER)";
				WRAPPER_EXTENSION = xctest;
			};
			name = Release;
		};
/* End XCBuildConfiguration section */

/* Begin XCConfigurationList section */
		D7646B48181854D900640692 /* Build configuration list for PBXProject "H-sektionen" */ = {
			isa = XCConfigurationList;
			buildConfigurations = (
				D7646B83181854D900640692 /* Debug */,
				D7646B84181854D900640692 /* Release */,
			);
			defaultConfigurationIsVisible = 0;
			defaultConfigurationName = Release;
		};
		D7646B85181854D900640692 /* Build configuration list for PBXNativeTarget "H-sektionen" */ = {
			isa = XCConfigurationList;
			buildConfigurations = (
				D7646B86181854D900640692 /* Debug */,
				D7646B87181854D900640692 /* Release */,
			);
			defaultConfigurationIsVisible = 0;
			defaultConfigurationName = Release;
		};
		D7646B88181854D900640692 /* Build configuration list for PBXNativeTarget "H-sektionenTests" */ = {
			isa = XCConfigurationList;
			buildConfigurations = (
				D7646B89181854D900640692 /* Debug */,
				D7646B8A181854D900640692 /* Release */,
			);
			defaultConfigurationIsVisible = 0;
			defaultConfigurationName = Release;
		};
/* End XCConfigurationList section */
	};
	rootObject = D7646B45181854D900640692 /* Project object */;
}
